// !$*UTF8*$!
{
	archiveVersion = 1;
	classes = {
	};
	objectVersion = 50;
	objects = {

/* Begin PBXBuildFile section */
		A7FC526822AE4C1900B21884 /* AppDelegate.swift in Sources */ = {isa = PBXBuildFile; fileRef = A7FC526722AE4C1900B21884 /* AppDelegate.swift */; };
		A7FC526A22AE4C1900B21884 /* ViewController.swift in Sources */ = {isa = PBXBuildFile; fileRef = A7FC526922AE4C1900B21884 /* ViewController.swift */; };
		A7FC526D22AE4C1900B21884 /* Main.storyboard in Resources */ = {isa = PBXBuildFile; fileRef = A7FC526B22AE4C1900B21884 /* Main.storyboard */; };
		A7FC526F22AE4C1A00B21884 /* Assets.xcassets in Resources */ = {isa = PBXBuildFile; fileRef = A7FC526E22AE4C1A00B21884 /* Assets.xcassets */; };
		A7FC527222AE4C1A00B21884 /* LaunchScreen.storyboard in Resources */ = {isa = PBXBuildFile; fileRef = A7FC527022AE4C1A00B21884 /* LaunchScreen.storyboard */; };
		A7FC528122AE9CED00B21884 /* PDFKit.framework in Frameworks */ = {isa = PBXBuildFile; fileRef = A7FC528022AE9CED00B21884 /* PDFKit.framework */; };
/* End PBXBuildFile section */

/* Begin PBXFileReference section */
		A7FC526422AE4C1900B21884 /* CreatePDF.app */ = {isa = PBXFileReference; explicitFileType = wrapper.application; includeInIndex = 0; path = CreatePDF.app; sourceTree = BUILT_PRODUCTS_DIR; };
		A7FC526722AE4C1900B21884 /* AppDelegate.swift */ = {isa = PBXFileReference; lastKnownFileType = sourcecode.swift; path = AppDelegate.swift; sourceTree = "<group>"; };
		A7FC526922AE4C1900B21884 /* ViewController.swift */ = {isa = PBXFileReference; lastKnownFileType = sourcecode.swift; path = ViewController.swift; sourceTree = "<group>"; };
		A7FC526C22AE4C1900B21884 /* Base */ = {isa = PBXFileReference; lastKnownFileType = file.storyboard; name = Base; path = Base.lproj/Main.storyboard; sourceTree = "<group>"; };
		A7FC526E22AE4C1A00B21884 /* Assets.xcassets */ = {isa = PBXFileReference; lastKnownFileType = folder.assetcatalog; path = Assets.xcassets; sourceTree = "<group>"; };
		A7FC527122AE4C1A00B21884 /* Base */ = {isa = PBXFileReference; lastKnownFileType = file.storyboard; name = Base; path = Base.lproj/LaunchScreen.storyboard; sourceTree = "<group>"; };
		A7FC527322AE4C1A00B21884 /* Info.plist */ = {isa = PBXFileReference; lastKnownFileType = text.plist.xml; path = Info.plist; sourceTree = "<group>"; };
		A7FC528022AE9CED00B21884 /* PDFKit.framework */ = {isa = PBXFileReference; lastKnownFileType = wrapper.framework; name = PDFKit.framework; path = System/Library/Frameworks/PDFKit.framework; sourceTree = SDKROOT; };
/* End PBXFileReference section */

/* Begin PBXFrameworksBuildPhase section */
		A7FC526122AE4C1900B21884 /* Frameworks */ = {
			isa = PBXFrameworksBuildPhase;
			buildActionMask = 2147483647;
			files = (
				A7FC528122AE9CED00B21884 /* PDFKit.framework in Frameworks */,
			);
			runOnlyForDeploymentPostprocessing = 0;
		};
/* End PBXFrameworksBuildPhase section */

/* Begin PBXGroup section */
		A7FC525B22AE4C1900B21884 = {
			isa = PBXGroup;
			children = (
				A7FC526622AE4C1900B21884 /* CreatePDF */,
				A7FC526522AE4C1900B21884 /* Products */,
				A7FC527F22AE9CEC00B21884 /* Frameworks */,
			);
			sourceTree = "<group>";
		};
		A7FC526522AE4C1900B21884 /* Products */ = {
			isa = PBXGroup;
			children = (
				A7FC526422AE4C1900B21884 /* CreatePDF.app */,
			);
			name = Products;
			sourceTree = "<group>";
		};
		A7FC526622AE4C1900B21884 /* CreatePDF */ = {
			isa = PBXGroup;
			children = (
				A7FC526722AE4C1900B21884 /* AppDelegate.swift */,
				A7FC526922AE4C1900B21884 /* ViewController.swift */,
				A7FC526B22AE4C1900B21884 /* Main.storyboard */,
				A7FC526E22AE4C1A00B21884 /* Assets.xcassets */,
				A7FC527022AE4C1A00B21884 /* LaunchScreen.storyboard */,
				A7FC527322AE4C1A00B21884 /* Info.plist */,
			);
			path = CreatePDF;
			sourceTree = "<group>";
		};
		A7FC527F22AE9CEC00B21884 /* Frameworks */ = {
			isa = PBXGroup;
			children = (
				A7FC528022AE9CED00B21884 /* PDFKit.framework */,
			);
			name = Frameworks;
			sourceTree = "<group>";
		};
/* End PBXGroup section */

/* Begin PBXNativeTarget section */
		A7FC526322AE4C1900B21884 /* CreatePDF */ = {
			isa = PBXNativeTarget;
			buildConfigurationList = A7FC527622AE4C1A00B21884 /* Build configuration list for PBXNativeTarget "CreatePDF" */;
			buildPhases = (
				A7FC526022AE4C1900B21884 /* Sources */,
				A7FC526122AE4C1900B21884 /* Frameworks */,
				A7FC526222AE4C1900B21884 /* Resources */,
			);
			buildRules = (
			);
			dependencies = (
			);
			name = CreatePDF;
			productName = CreatePDF;
			productReference = A7FC526422AE4C1900B21884 /* CreatePDF.app */;
			productType = "com.apple.product-type.application";
		};
/* End PBXNativeTarget section */

/* Begin PBXProject section */
		A7FC525C22AE4C1900B21884 /* Project object */ = {
			isa = PBXProject;
			attributes = {
				LastSwiftUpdateCheck = 1020;
				LastUpgradeCheck = 1020;
				ORGANIZATIONNAME = "縣美早";
				TargetAttributes = {
					A7FC526322AE4C1900B21884 = {
						CreatedOnToolsVersion = 10.2;
					};
				};
			};
			buildConfigurationList = A7FC525F22AE4C1900B21884 /* Build configuration list for PBXProject "CreatePDF" */;
			compatibilityVersion = "Xcode 9.3";
			developmentRegion = en;
			hasScannedForEncodings = 0;
			knownRegions = (
				en,
				Base,
			);
			mainGroup = A7FC525B22AE4C1900B21884;
			productRefGroup = A7FC526522AE4C1900B21884 /* Products */;
			projectDirPath = "";
			projectRoot = "";
			targets = (
				A7FC526322AE4C1900B21884 /* CreatePDF */,
			);
		};
/* End PBXProject section */

/* Begin PBXResourcesBuildPhase section */
		A7FC526222AE4C1900B21884 /* Resources */ = {
			isa = PBXResourcesBuildPhase;
			buildActionMask = 2147483647;
			files = (
				A7FC527222AE4C1A00B21884 /* LaunchScreen.storyboard in Resources */,
				A7FC526F22AE4C1A00B21884 /* Assets.xcassets in Resources */,
				A7FC526D22AE4C1900B21884 /* Main.storyboard in Resources */,
			);
			runOnlyForDeploymentPostprocessing = 0;
		};
/* End PBXResourcesBuildPhase section */

/* Begin PBXSourcesBuildPhase section */
		A7FC526022AE4C1900B21884 /* Sources */ = {
			isa = PBXSourcesBuildPhase;
			buildActionMask = 2147483647;
			files = (
				A7FC526A22AE4C1900B21884 /* ViewController.swift in Sources */,
				A7FC526822AE4C1900B21884 /* AppDelegate.swift in Sources */,
			);
			runOnlyForDeploymentPostprocessing = 0;
		};
/* End PBXSourcesBuildPhase section */

/* Begin PBXVariantGroup section */
		A7FC526B22AE4C1900B21884 /* Main.storyboard */ = {
			isa = PBXVariantGroup;
			children = (
				A7FC526C22AE4C1900B21884 /* Base */,
			);
			name = Main.storyboard;
			sourceTree = "<group>";
		};
		A7FC527022AE4C1A00B21884 /* LaunchScreen.storyboard */ = {
			isa = PBXVariantGroup;
			children = (
				A7FC527122AE4C1A00B21884 /* Base */,
			);
			name = LaunchScreen.storyboard;
			sourceTree = "<group>";
		};
/* End PBXVariantGroup section */

/* Begin XCBuildConfiguration section */
		A7FC527422AE4C1A00B21884 /* Debug */ = {
			isa = XCBuildConfiguration;
			buildSettings = {
				ALWAYS_SEARCH_USER_PATHS = NO;
				CLANG_ANALYZER_NONNULL = YES;
				CLANG_ANALYZER_NUMBER_OBJECT_CONVERSION = YES_AGGRESSIVE;
				CLANG_CXX_LANGUAGE_STANDARD = "gnu++14";
				CLANG_CXX_LIBRARY = "libc++";
				CLANG_ENABLE_MODULES = YES;
				CLANG_ENABLE_OBJC_ARC = YES;
				CLANG_ENABLE_OBJC_WEAK = YES;
				CLANG_WARN_BLOCK_CAPTURE_AUTORELEASING = YES;
				CLANG_WARN_BOOL_CONVERSION = YES;
				CLANG_WARN_COMMA = YES;
				CLANG_WARN_CONSTANT_CONVERSION = YES;
				CLANG_WARN_DEPRECATED_OBJC_IMPLEMENTATIONS = YES;
				CLANG_WARN_DIRECT_OBJC_ISA_USAGE = YES_ERROR;
				CLANG_WARN_DOCUMENTATION_COMMENTS = YES;
				CLANG_WARN_EMPTY_BODY = YES;
				CLANG_WARN_ENUM_CONVERSION = YES;
				CLANG_WARN_INFINITE_RECURSION = YES;
				CLANG_WARN_INT_CONVERSION = YES;
				CLANG_WARN_NON_LITERAL_NULL_CONVERSION = YES;
				CLANG_WARN_OBJC_IMPLICIT_RETAIN_SELF = YES;
				CLANG_WARN_OBJC_LITERAL_CONVERSION = YES;
				CLANG_WARN_OBJC_ROOT_CLASS = YES_ERROR;
				CLANG_WARN_RANGE_LOOP_ANALYSIS = YES;
				CLANG_WARN_STRICT_PROTOTYPES = YES;
				CLANG_WARN_SUSPICIOUS_MOVE = YES;
				CLANG_WARN_UNGUARDED_AVAILABILITY = YES_AGGRESSIVE;
				CLANG_WARN_UNREACHABLE_CODE = YES;
				CLANG_WARN__DUPLICATE_METHOD_MATCH = YES;
				CODE_SIGN_IDENTITY = "iPhone Developer";
				COPY_PHASE_STRIP = NO;
				DEBUG_INFORMATION_FORMAT = dwarf;
				ENABLE_STRICT_OBJC_MSGSEND = YES;
				ENABLE_TESTABILITY = YES;
				GCC_C_LANGUAGE_STANDARD = gnu11;
				GCC_DYNAMIC_NO_PIC = NO;
				GCC_NO_COMMON_BLOCKS = YES;
				GCC_OPTIMIZATION_LEVEL = 0;
				GCC_PREPROCESSOR_DEFINITIONS = (
					"DEBUG=1",
					"$(inherited)",
				);
				GCC_WARN_64_TO_32_BIT_CONVERSION = YES;
				GCC_WARN_ABOUT_RETURN_TYPE = YES_ERROR;
				GCC_WARN_UNDECLARED_SELECTOR = YES;
				GCC_WARN_UNINITIALIZED_AUTOS = YES_AGGRESSIVE;
				GCC_WARN_UNUSED_FUNCTION = YES;
				GCC_WARN_UNUSED_VARIABLE = YES;
				IPHONEOS_DEPLOYMENT_TARGET = 12.2;
				MTL_ENABLE_DEBUG_INFO = INCLUDE_SOURCE;
				MTL_FAST_MATH = YES;
				ONLY_ACTIVE_ARCH = YES;
				SDKROOT = iphoneos;
				SWIFT_ACTIVE_COMPILATION_CONDITIONS = DEBUG;
				SWIFT_OPTIMIZATION_LEVEL = "-Onone";
			};
			name = Debug;
		};
		A7FC527522AE4C1A00B21884 /* Release */ = {
			isa = XCBuildConfiguration;
			buildSettings = {
				ALWAYS_SEARCH_USER_PATHS = NO;
				CLANG_ANALYZER_NONNULL = YES;
				CLANG_ANALYZER_NUMBER_OBJECT_CONVERSION = YES_AGGRESSIVE;
				CLANG_CXX_LANGUAGE_STANDARD = "gnu++14";
				CLANG_CXX_LIBRARY = "libc++";
				CLANG_ENABLE_MODULES = YES;
				CLANG_ENABLE_OBJC_ARC = YES;
				CLANG_ENABLE_OBJC_WEAK = YES;
				CLANG_WARN_BLOCK_CAPTURE_AUTORELEASING = YES;
				CLANG_WARN_BOOL_CONVERSION = YES;
				CLANG_WARN_COMMA = YES;
				CLANG_WARN_CONSTANT_CONVERSION = YES;
				CLANG_WARN_DEPRECATED_OBJC_IMPLEMENTATIONS = YES;
				CLANG_WARN_DIRECT_OBJC_ISA_USAGE = YES_ERROR;
				CLANG_WARN_DOCUMENTATION_COMMENTS = YES;
				CLANG_WARN_EMPTY_BODY = YES;
				CLANG_WARN_ENUM_CONVERSION = YES;
				CLANG_WARN_INFINITE_RECURSION = YES;
				CLANG_WARN_INT_CONVERSION = YES;
				CLANG_WARN_NON_LITERAL_NULL_CONVERSION = YES;
				CLANG_WARN_OBJC_IMPLICIT_RETAIN_SELF = YES;
				CLANG_WARN_OBJC_LITERAL_CONVERSION = YES;
				CLANG_WARN_OBJC_ROOT_CLASS = YES_ERROR;
				CLANG_WARN_RANGE_LOOP_ANALYSIS = YES;
				CLANG_WARN_STRICT_PROTOTYPES = YES;
				CLANG_WARN_SUSPICIOUS_MOVE = YES;
				CLANG_WARN_UNGUARDED_AVAILABILITY = YES_AGGRESSIVE;
				CLANG_WARN_UNREACHABLE_CODE = YES;
				CLANG_WARN__DUPLICATE_METHOD_MATCH = YES;
				CODE_SIGN_IDENTITY = "iPhone Developer";
				COPY_PHASE_STRIP = NO;
				DEBUG_INFORMATION_FORMAT = "dwarf-with-dsym";
				ENABLE_NS_ASSERTIONS = NO;
				ENABLE_STRICT_OBJC_MSGSEND = YES;
				GCC_C_LANGUAGE_STANDARD = gnu11;
				GCC_NO_COMMON_BLOCKS = YES;
				GCC_WARN_64_TO_32_BIT_CONVERSION = YES;
				GCC_WARN_ABOUT_RETURN_TYPE = YES_ERROR;
				GCC_WARN_UNDECLARED_SELECTOR = YES;
				GCC_WARN_UNINITIALIZED_AUTOS = YES_AGGRESSIVE;
				GCC_WARN_UNUSED_FUNCTION = YES;
				GCC_WARN_UNUSED_VARIABLE = YES;
				IPHONEOS_DEPLOYMENT_TARGET = 12.2;
				MTL_ENABLE_DEBUG_INFO = NO;
				MTL_FAST_MATH = YES;
				SDKROOT = iphoneos;
				SWIFT_COMPILATION_MODE = wholemodule;
				SWIFT_OPTIMIZATION_LEVEL = "-O";
				VALIDATE_PRODUCT = YES;
			};
			name = Release;
		};
		A7FC527722AE4C1A00B21884 /* Debug */ = {
			isa = XCBuildConfiguration;
			buildSettings = {
				ASSETCATALOG_COMPILER_APPICON_NAME = AppIcon;
				CODE_SIGN_STYLE = Automatic;
				DEVELOPMENT_TEAM = C6HH3B6HAK;
				INFOPLIST_FILE = CreatePDF/Info.plist;
				LD_RUNPATH_SEARCH_PATHS = (
					"$(inherited)",
					"@executable_path/Frameworks",
				);
				PRODUCT_BUNDLE_IDENTIFIER = com.misakiagata.CreatePDF;
				PRODUCT_NAME = "$(TARGET_NAME)";
				SWIFT_VERSION = 5.0;
				TARGETED_DEVICE_FAMILY = "1,2";
			};
			name = Debug;
		};
		A7FC527822AE4C1A00B21884 /* Release */ = {
			isa = XCBuildConfiguration;
			buildSettings = {
				ASSETCATALOG_COMPILER_APPICON_NAME = AppIcon;
				CODE_SIGN_STYLE = Automatic;
				DEVELOPMENT_TEAM = C6HH3B6HAK;
				INFOPLIST_FILE = CreatePDF/Info.plist;
				LD_RUNPATH_SEARCH_PATHS = (
					"$(inherited)",
					"@executable_path/Frameworks",
				);
				PRODUCT_BUNDLE_IDENTIFIER = com.misakiagata.CreatePDF;
				PRODUCT_NAME = "$(TARGET_NAME)";
				SWIFT_VERSION = 5.0;
				TARGETED_DEVICE_FAMILY = "1,2";
			};
			name = Release;
		};
/* End XCBuildConfiguration section */

/* Begin XCConfigurationList section */
		A7FC525F22AE4C1900B21884 /* Build configuration list for PBXProject "CreatePDF" */ = {
			isa = XCConfigurationList;
			buildConfigurations = (
				A7FC527422AE4C1A00B21884 /* Debug */,
				A7FC527522AE4C1A00B21884 /* Release */,
			);
			defaultConfigurationIsVisible = 0;
			defaultConfigurationName = Release;
		};
		A7FC527622AE4C1A00B21884 /* Build configuration list for PBXNativeTarget "CreatePDF" */ = {
			isa = XCConfigurationList;
			buildConfigurations = (
				A7FC527722AE4C1A00B21884 /* Debug */,
				A7FC527822AE4C1A00B21884 /* Release */,
			);
			defaultConfigurationIsVisible = 0;
			defaultConfigurationName = Release;
		};
/* End XCConfigurationList section */
	};
	rootObject = A7FC525C22AE4C1900B21884 /* Project object */;
}
